<?xml version="1.0" encoding="utf-8"?>
<Project ToolsVersion="4.0" xmlns="http://schemas.microsoft.com/developer/msbuild/2003">
  <ItemGroup>
    <Filter Include="源文件">
      <UniqueIdentifier>{4FC737F1-C7A5-4376-A066-2A32D752A2FF}</UniqueIdentifier>
      <Extensions>cpp;c;cc;cxx;def;odl;idl;hpj;bat;asm;asmx</Extensions>
    </Filter>
    <Filter Include="头文件">
      <UniqueIdentifier>{93995380-89BD-4b04-88EB-625FBE52EBFB}</UniqueIdentifier>
      <Extensions>h;hh;hpp;hxx;hm;inl;inc;ipp;xsd</Extensions>
    </Filter>
    <Filter Include="资源文件">
      <UniqueIdentifier>{67DA6AB6-F800-4c08-8B7A-83BB121AAD01}</UniqueIdentifier>
      <Extensions>rc;ico;cur;bmp;dlg;rc2;rct;bin;rgs;gif;jpg;jpeg;jpe;resx;tiff;tif;png;wav;mfcribbon-ms</Extensions>
    </Filter>
    <Filter Include="公共函数">
      <UniqueIdentifier>{d507dd47-a4f8-4302-ace5-f8b5663c4274}</UniqueIdentifier>
    </Filter>
    <Filter Include="初始化">
      <UniqueIdentifier>{7f2e4d57-d725-4dfe-98c5-e4f28e0bcff4}</UniqueIdentifier>
    </Filter>
    <Filter Include="登录退出">
      <UniqueIdentifier>{02d0385f-a28c-45f8-9fc4-ac9797bde7be}</UniqueIdentifier>
    </Filter>
    <Filter Include="发送消息">
      <UniqueIdentifier>{a3b5e89b-8f45-4ca4-9843-5372a22bd538}</UniqueIdentifier>
    </Filter>
    <Filter Include="个人信息">
      <UniqueIdentifier>{90348be9-fae8-4432-93a9-4e82e7a91df3}</UniqueIdentifier>
    </Filter>
    <Filter Include="群组相关">
      <UniqueIdentifier>{e0348204-bf56-459b-af42-322b3ed76e15}</UniqueIdentifier>
    </Filter>
    <Filter Include="数据库">
      <UniqueIdentifier>{50411e59-d143-4991-b974-2980f9d1df9a}</UniqueIdentifier>
    </Filter>
    <Filter Include="联系人">
      <UniqueIdentifier>{bd878614-3bc7-4be7-829e-806b9cd1f36d}</UniqueIdentifier>
    </Filter>
    <Filter Include="消息处理">
      <UniqueIdentifier>{b30b6151-37ec-49ee-bdba-69bd514d1859}</UniqueIdentifier>
    </Filter>
  </ItemGroup>
  <ItemGroup>
    <ClInclude Include="framework.h">
      <Filter>头文件</Filter>
    </ClInclude>
    <ClInclude Include="CJsonObject.hpp">
      <Filter>公共函数</Filter>
    </ClInclude>
    <ClInclude Include="EVString.h">
      <Filter>公共函数</Filter>
    </ClInclude>
    <ClInclude Include="Loger.h">
      <Filter>公共函数</Filter>
    </ClInclude>
    <ClInclude Include="Util.h">
      <Filter>公共函数</Filter>
    </ClInclude>
    <ClInclude Include="cJSON.h">
      <Filter>公共函数</Filter>
    </ClInclude>
    <ClInclude Include="offset.h">
      <Filter>头文件</Filter>
    </ClInclude>
    <ClInclude Include="struct.h">
      <Filter>头文件</Filter>
    </ClInclude>
    <ClInclude Include="Init.h">
      <Filter>初始化</Filter>
    </ClInclude>
    <ClInclude Include="Command.h">
      <Filter>头文件</Filter>
    </ClInclude>
    <ClInclude Include="WSClient.h">
      <Filter>公共函数</Filter>
    </ClInclude>
    <ClInclude Include="Login.h">
      <Filter>登录退出</Filter>
    </ClInclude>
    <ClInclude Include="SendMsg.h">
      <Filter>发送消息</Filter>
    </ClInclude>
    <ClInclude Include="UserInfo.h">
      <Filter>个人信息</Filter>
    </ClInclude>
    <ClInclude Include="ChatRoom.h">
      <Filter>群组相关</Filter>
    </ClInclude>
    <ClInclude Include="Sql.h">
      <Filter>数据库</Filter>
    </ClInclude>
    <ClInclude Include="ContactList.h">
      <Filter>联系人</Filter>
    </ClInclude>
    <ClInclude Include="ChatRecord.h">
      <Filter>消息处理</Filter>
    </ClInclude>
  </ItemGroup>
  <ItemGroup>
    <ClCompile Include="dllmain.cpp">
      <Filter>源文件</Filter>
    </ClCompile>
    <ClCompile Include="CJsonObject.cpp">
      <Filter>公共函数</Filter>
    </ClCompile>
    <ClCompile Include="EVString.cpp">
      <Filter>公共函数</Filter>
    </ClCompile>
    <ClCompile Include="Loger.cpp">
      <Filter>公共函数</Filter>
    </ClCompile>
    <ClCompile Include="Util.cpp">
      <Filter>公共函数</Filter>
    </ClCompile>
    <ClCompile Include="cJSON.c">
      <Filter>公共函数</Filter>
    </ClCompile>
    <ClCompile Include="Init.cpp">
      <Filter>初始化</Filter>
    </ClCompile>
    <ClCompile Include="WSClient.cpp">
      <Filter>公共函数</Filter>
    </ClCompile>
    <ClCompile Include="Login.cpp">
      <Filter>登录退出</Filter>
    </ClCompile>
    <ClCompile Include="SendMsg.cpp">
      <Filter>发送消息</Filter>
    </ClCompile>
    <ClCompile Include="UserInfo.cpp">
      <Filter>个人信息</Filter>
    </ClCompile>
    <ClCompile Include="ChatRoom.cpp">
      <Filter>群组相关</Filter>
    </ClCompile>
    <ClCompile Include="Sql.cpp">
      <Filter>数据库</Filter>
    </ClCompile>
    <ClCompile Include="ContactList.cpp">
      <Filter>联系人</Filter>
    </ClCompile>
    <ClCompile Include="ChatRecord.cpp">
      <Filter>消息处理</Filter>
    </ClCompile>
  </ItemGroup>
</Project>